{
  "name": "@emilkloeden/eleventy-plugin-chordify",
  "version": "1.0.1",
  "lockfileVersion": 2,
  "requires": true,
  "packages": {
    "": {
      "name": "@emilkloeden/eleventy-plugin-chordify",
      "version": "1.0.1",
      "license": "MIT",
      "dependencies": {
        "@emilkloeden/chordify": "^1.0.1"
      }
    },
    "node_modules/@emilkloeden/chordify": {
      "version": "1.0.1",
      "resolved": "https://registry.npmjs.org/@emilkloeden/chordify/-/chordify-1.0.1.tgz",
      "integrity": "sha512-QmOlm5gwU1CDQ611EhglP9EcckqFBuvBsEoRK7v3ujVNPVSMWGkdvhVuLxkoyrByrwHZXVtlsRSJxgrW1Lo19A=="
    }
  },
  "dependencies": {
    "@emilkloeden/chordify": {
      "version": "1.0.1",
      "resolved": "https://registry.npmjs.org/@emilkloeden/chordify/-/chordify-1.0.1.tgz",
      "integrity": "sha512-QmOlm5gwU1CDQ611EhglP9EcckqFBuvBsEoRK7v3ujVNPVSMWGkdvhVuLxkoyrByrwHZXVtlsRSJxgrW1Lo19A=="
    }
  }
}
