{
  "name": "@emilkloeden/eleventy-plugin-chordify",
  "version": "1.0.0",
  "lockfileVersion": 2,
  "requires": true,
  "packages": {
    "": {
      "name": "@emilkloeden/eleventy-plugin-chordify",
      "version": "1.0.0",
      "license": "MIT",
      "dependencies": {
        "@emilkloeden/chordify": "^1.0.0"
      }
    },
    "node_modules/@emilkloeden/chordify": {
      "version": "1.0.0",
      "resolved": "https://registry.npmjs.org/@emilkloeden/chordify/-/chordify-1.0.0.tgz",
      "integrity": "sha512-3a8ktuoc1KdJjfHjOxAnMScyOJXXh/94rBTHmzUopv9kB8sEf8z1D1HaupODVyu9LEtD73TCPU9+PMj+E8ijJw=="
    }
  },
  "dependencies": {
    "@emilkloeden/chordify": {
      "version": "1.0.0",
      "resolved": "https://registry.npmjs.org/@emilkloeden/chordify/-/chordify-1.0.0.tgz",
      "integrity": "sha512-3a8ktuoc1KdJjfHjOxAnMScyOJXXh/94rBTHmzUopv9kB8sEf8z1D1HaupODVyu9LEtD73TCPU9+PMj+E8ijJw=="
    }
  }
}
